
Microsoft Visual Studio Solution File, Format Version 12.00
# Visual Studio Version 17
VisualStudioVersion = 17.8.34330.188
MinimumVisualStudioVersion = 10.0.40219.1
Project("{FAE04EC0-301F-11D3-BF4B-00C04F79EFBC}") = "OperatorsDemoCSharp-43", "OperatorsDemoCSharp-43\OperatorsDemoCSharp-43.csproj", "{B4983D20-E22C-426A-B45D-35DB7636BFA7}"
EndProject
Global
	GlobalSection(SolutionConfigurationPlatforms) = preSolution
		Debug|Any CPU = Debug|Any CPU
		Release|Any CPU = Release|Any CPU
	EndGlobalSection
	GlobalSection(ProjectConfigurationPlatforms) = postSolution
		{B4983D20-E22C-426A-B45D-35DB7636BFA7}.Debug|Any CPU.ActiveCfg = Debug|Any CPU
		{B4983D20-E22C-426A-B45D-35DB7636BFA7}.Debug|Any CPU.Build.0 = Debug|Any CPU
		{B4983D20-E22C-426A-B45D-35DB7636BFA7}.Release|Any CPU.ActiveCfg = Release|Any CPU
		{B4983D20-E22C-426A-B45D-35DB7636BFA7}.Release|Any CPU.Build.0 = Release|Any CPU
	EndGlobalSection
	GlobalSection(SolutionProperties) = preSolution
		HideSolutionNode = FALSE
	EndGlobalSection
	GlobalSection(ExtensibilityGlobals) = postSolution
		SolutionGuid = {44F5C3DB-671C-464E-9B0B-3C734F2F3866}
	EndGlobalSection
EndGlobal
